
Microsoft Visual Studio Solution File, Format Version 12.00
# Visual Studio 2012
Project("{FAE04EC0-301F-11D3-BF4B-00C04F79EFBC}") = "Tests", "Tests\Tests.csproj", "{FD9B25F4-C703-47EF-BDFA-583AB8F290F3}"
EndProject
Project("{FAE04EC0-301F-11D3-BF4B-00C04F79EFBC}") = "GridPatternLibrary", "GridPatternLibrary\GridPatternLibrary.csproj", "{483EE4A1-34B9-4590-9750-E9285B160150}"
EndProject
Global
	GlobalSection(SolutionConfigurationPlatforms) = preSolution
		Debug|Any CPU = Debug|Any CPU
		Debug|Mixed Platforms = Debug|Mixed Platforms
		Debug|x86 = Debug|x86
		Release|Any CPU = Release|Any CPU
		Release|Mixed Platforms = Release|Mixed Platforms
		Release|x86 = Release|x86
	EndGlobalSection
	GlobalSection(ProjectConfigurationPlatforms) = postSolution
		{FD9B25F4-C703-47EF-BDFA-583AB8F290F3}.Debug|Any CPU.ActiveCfg = Debug|Any CPU
		{FD9B25F4-C703-47EF-BDFA-583AB8F290F3}.Debug|Any CPU.Build.0 = Debug|Any CPU
		{FD9B25F4-C703-47EF-BDFA-583AB8F290F3}.Debug|Mixed Platforms.ActiveCfg = Debug|x86
		{FD9B25F4-C703-47EF-BDFA-583AB8F290F3}.Debug|Mixed Platforms.Build.0 = Debug|x86
		{FD9B25F4-C703-47EF-BDFA-583AB8F290F3}.Debug|x86.ActiveCfg = Debug|x86
		{FD9B25F4-C703-47EF-BDFA-583AB8F290F3}.Debug|x86.Build.0 = Debug|x86
		{FD9B25F4-C703-47EF-BDFA-583AB8F290F3}.Release|Any CPU.ActiveCfg = Release|Any CPU
		{FD9B25F4-C703-47EF-BDFA-583AB8F290F3}.Release|Any CPU.Build.0 = Release|Any CPU
		{FD9B25F4-C703-47EF-BDFA-583AB8F290F3}.Release|Mixed Platforms.ActiveCfg = Release|x86
		{FD9B25F4-C703-47EF-BDFA-583AB8F290F3}.Release|Mixed Platforms.Build.0 = Release|x86
		{FD9B25F4-C703-47EF-BDFA-583AB8F290F3}.Release|x86.ActiveCfg = Release|x86
		{FD9B25F4-C703-47EF-BDFA-583AB8F290F3}.Release|x86.Build.0 = Release|x86
		{483EE4A1-34B9-4590-9750-E9285B160150}.Debug|Any CPU.ActiveCfg = Debug|Any CPU
		{483EE4A1-34B9-4590-9750-E9285B160150}.Debug|Any CPU.Build.0 = Debug|Any CPU
		{483EE4A1-34B9-4590-9750-E9285B160150}.Debug|Mixed Platforms.ActiveCfg = Debug|Any CPU
		{483EE4A1-34B9-4590-9750-E9285B160150}.Debug|Mixed Platforms.Build.0 = Debug|Any CPU
		{483EE4A1-34B9-4590-9750-E9285B160150}.Debug|x86.ActiveCfg = Debug|Any CPU
		{483EE4A1-34B9-4590-9750-E9285B160150}.Release|Any CPU.ActiveCfg = Release|Any CPU
		{483EE4A1-34B9-4590-9750-E9285B160150}.Release|Any CPU.Build.0 = Release|Any CPU
		{483EE4A1-34B9-4590-9750-E9285B160150}.Release|Mixed Platforms.ActiveCfg = Release|Any CPU
		{483EE4A1-34B9-4590-9750-E9285B160150}.Release|Mixed Platforms.Build.0 = Release|Any CPU
		{483EE4A1-34B9-4590-9750-E9285B160150}.Release|x86.ActiveCfg = Release|Any CPU
	EndGlobalSection
	GlobalSection(SolutionProperties) = preSolution
		HideSolutionNode = FALSE
	EndGlobalSection
EndGlobal
